dependencies:
- name: postgresql
  repository: https://charts.bitnami.com/bitnami
  version: 16.2.3
- name: redis
  repository: https://charts.bitnami.com/bitnami
  version: 20.5.0
- name: nfs-server-provisioner
  repository: https://kubernetes-sigs.github.io/nfs-ganesha-server-and-external-provisioner/
  version: 1.6.0
digest: sha256:15914d13f40508a746287ce463b99c05ebfbd4701b4c03279be7b444404c120d
generated: "2026-01-19T12:28:22.387438-08:00"
