dependencies:
- name: postgresql
  repository: https://charts.bitnami.com/bitnami
  version: 11.3.0
- name: redis
  repository: https://charts.bitnami.com/bitnami
  version: 16.9.11
- name: nfs-server-provisioner
  repository: https://kubernetes-sigs.github.io/nfs-ganesha-server-and-external-provisioner/
  version: 1.4.0
digest: sha256:2e9df58ca2a991e0f81de2ef54e0745bf9fc64068abbabd79cab121059e1d2b2
generated: "2022-07-04T12:10:26.930076-04:00"
